
Microsoft Visual Studio Solution File, Format Version 12.00
# Visual Studio Version 17
VisualStudioVersion = 17.3.32922.545
MinimumVisualStudioVersion = 10.0.40219.1
Project("{8BC9CEB8-8B4A-11D0-8D11-00A0C91BC942}") = "Bootstrap", "bootstrap\Bootstrap.vcxproj", "{AF59BB0B-E059-4773-83DC-728A949647DA}"
EndProject
Project("{8BC9CEB8-8B4A-11D0-8D11-00A0C91BC942}") = "Project2D", "Project2D\Project2D.vcxproj", "{3F428D0C-1CC8-47C3-818A-A3C2972C74C9}"
	ProjectSection(ProjectDependencies) = postProject
		{AF59BB0B-E059-4773-83DC-728A949647DA} = {AF59BB0B-E059-4773-83DC-728A949647DA}
	EndProjectSection
EndProject
Project("{8BC9CEB8-8B4A-11D0-8D11-00A0C91BC942}") = "Project3D", "Project3D\Project3D.vcxproj", "{EA21C4DF-E331-4FCF-8513-14A3F56B77F3}"
	ProjectSection(ProjectDependencies) = postProject
		{AF59BB0B-E059-4773-83DC-728A949647DA} = {AF59BB0B-E059-4773-83DC-728A949647DA}
	EndProjectSection
EndProject
Project("{8BC9CEB8-8B4A-11D0-8D11-00A0C91BC942}") = "BulletHellGame", "BulletHellGame\BulletHellGame.vcxproj", "{C962CE5B-AFBC-473E-889B-27DF528B6553}"
EndProject
Project("{8BC9CEB8-8B4A-11D0-8D11-00A0C91BC942}") = "MathLib", "MathLib\MathLib.vcxproj", "{463E7FD1-4C3A-492C-AF00-A5B2A2E83A9B}"
EndProject
Global
	GlobalSection(SolutionConfigurationPlatforms) = preSolution
		Debug|x64 = Debug|x64
		Debug|x86 = Debug|x86
		Release|x64 = Release|x64
		Release|x86 = Release|x86
	EndGlobalSection
	GlobalSection(ProjectConfigurationPlatforms) = postSolution
		{AF59BB0B-E059-4773-83DC-728A949647DA}.Debug|x64.ActiveCfg = Debug|x64
		{AF59BB0B-E059-4773-83DC-728A949647DA}.Debug|x64.Build.0 = Debug|x64
		{AF59BB0B-E059-4773-83DC-728A949647DA}.Debug|x86.ActiveCfg = Debug|Win32
		{AF59BB0B-E059-4773-83DC-728A949647DA}.Debug|x86.Build.0 = Debug|Win32
		{AF59BB0B-E059-4773-83DC-728A949647DA}.Release|x64.ActiveCfg = Release|x64
		{AF59BB0B-E059-4773-83DC-728A949647DA}.Release|x64.Build.0 = Release|x64
		{AF59BB0B-E059-4773-83DC-728A949647DA}.Release|x86.ActiveCfg = Release|Win32
		{AF59BB0B-E059-4773-83DC-728A949647DA}.Release|x86.Build.0 = Release|Win32
		{3F428D0C-1CC8-47C3-818A-A3C2972C74C9}.Debug|x64.ActiveCfg = Debug|x64
		{3F428D0C-1CC8-47C3-818A-A3C2972C74C9}.Debug|x64.Build.0 = Debug|x64
		{3F428D0C-1CC8-47C3-818A-A3C2972C74C9}.Debug|x86.ActiveCfg = Debug|Win32
		{3F428D0C-1CC8-47C3-818A-A3C2972C74C9}.Debug|x86.Build.0 = Debug|Win32
		{3F428D0C-1CC8-47C3-818A-A3C2972C74C9}.Release|x64.ActiveCfg = Release|x64
		{3F428D0C-1CC8-47C3-818A-A3C2972C74C9}.Release|x64.Build.0 = Release|x64
		{3F428D0C-1CC8-47C3-818A-A3C2972C74C9}.Release|x86.ActiveCfg = Release|Win32
		{3F428D0C-1CC8-47C3-818A-A3C2972C74C9}.Release|x86.Build.0 = Release|Win32
		{EA21C4DF-E331-4FCF-8513-14A3F56B77F3}.Debug|x64.ActiveCfg = Debug|x64
		{EA21C4DF-E331-4FCF-8513-14A3F56B77F3}.Debug|x64.Build.0 = Debug|x64
		{EA21C4DF-E331-4FCF-8513-14A3F56B77F3}.Debug|x86.ActiveCfg = Debug|Win32
		{EA21C4DF-E331-4FCF-8513-14A3F56B77F3}.Debug|x86.Build.0 = Debug|Win32
		{EA21C4DF-E331-4FCF-8513-14A3F56B77F3}.Release|x64.ActiveCfg = Release|x64
		{EA21C4DF-E331-4FCF-8513-14A3F56B77F3}.Release|x64.Build.0 = Release|x64
		{EA21C4DF-E331-4FCF-8513-14A3F56B77F3}.Release|x86.ActiveCfg = Release|Win32
		{EA21C4DF-E331-4FCF-8513-14A3F56B77F3}.Release|x86.Build.0 = Release|Win32
		{C962CE5B-AFBC-473E-889B-27DF528B6553}.Debug|x64.ActiveCfg = Debug|x64
		{C962CE5B-AFBC-473E-889B-27DF528B6553}.Debug|x64.Build.0 = Debug|x64
		{C962CE5B-AFBC-473E-889B-27DF528B6553}.Debug|x86.ActiveCfg = Debug|Win32
		{C962CE5B-AFBC-473E-889B-27DF528B6553}.Debug|x86.Build.0 = Debug|Win32
		{C962CE5B-AFBC-473E-889B-27DF528B6553}.Release|x64.ActiveCfg = Release|x64
		{C962CE5B-AFBC-473E-889B-27DF528B6553}.Release|x64.Build.0 = Release|x64
		{C962CE5B-AFBC-473E-889B-27DF528B6553}.Release|x86.ActiveCfg = Release|Win32
		{C962CE5B-AFBC-473E-889B-27DF528B6553}.Release|x86.Build.0 = Release|Win32
		{463E7FD1-4C3A-492C-AF00-A5B2A2E83A9B}.Debug|x64.ActiveCfg = Debug|x64
		{463E7FD1-4C3A-492C-AF00-A5B2A2E83A9B}.Debug|x64.Build.0 = Debug|x64
		{463E7FD1-4C3A-492C-AF00-A5B2A2E83A9B}.Debug|x86.ActiveCfg = Debug|Win32
		{463E7FD1-4C3A-492C-AF00-A5B2A2E83A9B}.Debug|x86.Build.0 = Debug|Win32
		{463E7FD1-4C3A-492C-AF00-A5B2A2E83A9B}.Release|x64.ActiveCfg = Release|x64
		{463E7FD1-4C3A-492C-AF00-A5B2A2E83A9B}.Release|x64.Build.0 = Release|x64
		{463E7FD1-4C3A-492C-AF00-A5B2A2E83A9B}.Release|x86.ActiveCfg = Release|Win32
		{463E7FD1-4C3A-492C-AF00-A5B2A2E83A9B}.Release|x86.Build.0 = Release|Win32
	EndGlobalSection
	GlobalSection(SolutionProperties) = preSolution
		HideSolutionNode = FALSE
	EndGlobalSection
	GlobalSection(ExtensibilityGlobals) = postSolution
		SolutionGuid = {B2356973-F880-4F9E-B48B-CE6AD81A8916}
	EndGlobalSection
EndGlobal
